
Microsoft Visual Studio Solution File, Format Version 12.00
# Visual Studio Version 17
VisualStudioVersion = 17.0.32112.339
MinimumVisualStudioVersion = 10.0.40219.1
Project("{FAE04EC0-301F-11D3-BF4B-00C04F79EFBC}") = "Management-Telegram", "Management-Telegram\Management-Telegram.csproj", "{D3A79964-1079-4713-9B18-59BE64C0B328}"
EndProject
Global
	GlobalSection(SolutionConfigurationPlatforms) = preSolution
		Debug|Any CPU = Debug|Any CPU
		Release|Any CPU = Release|Any CPU
	EndGlobalSection
	GlobalSection(ProjectConfigurationPlatforms) = postSolution
		{D3A79964-1079-4713-9B18-59BE64C0B328}.Debug|Any CPU.ActiveCfg = Debug|Any CPU
		{D3A79964-1079-4713-9B18-59BE64C0B328}.Debug|Any CPU.Build.0 = Debug|Any CPU
		{D3A79964-1079-4713-9B18-59BE64C0B328}.Release|Any CPU.ActiveCfg = Release|Any CPU
		{D3A79964-1079-4713-9B18-59BE64C0B328}.Release|Any CPU.Build.0 = Release|Any CPU
	EndGlobalSection
	GlobalSection(SolutionProperties) = preSolution
		HideSolutionNode = FALSE
	EndGlobalSection
	GlobalSection(ExtensibilityGlobals) = postSolution
		SolutionGuid = {05483BE6-87BD-4F09-B349-ADDE0E5531F7}
	EndGlobalSection
EndGlobal
